
Microsoft Visual Studio Solution File, Format Version 12.00
# Visual Studio Version 17
VisualStudioVersion = 17.3.32929.385
MinimumVisualStudioVersion = 10.0.40219.1
Project("{8BC9CEB8-8B4A-11D0-8D11-00A0C91BC942}") = "LSECompiler", "LSECompiler\LSECompiler.vcxproj", "{03FCCB99-F431-464A-BBBB-6326A6369666}"
EndProject
Global
	GlobalSection(SolutionConfigurationPlatforms) = preSolution
		Debug|x64 = Debug|x64
		Debug|x86 = Debug|x86
		Release|x64 = Release|x64
		Release|x86 = Release|x86
	EndGlobalSection
	GlobalSection(ProjectConfigurationPlatforms) = postSolution
		{03FCCB99-F431-464A-BBBB-6326A6369666}.Debug|x64.ActiveCfg = Debug|x64
		{03FCCB99-F431-464A-BBBB-6326A6369666}.Debug|x64.Build.0 = Debug|x64
		{03FCCB99-F431-464A-BBBB-6326A6369666}.Debug|x86.ActiveCfg = Debug|Win32
		{03FCCB99-F431-464A-BBBB-6326A6369666}.Debug|x86.Build.0 = Debug|Win32
		{03FCCB99-F431-464A-BBBB-6326A6369666}.Release|x64.ActiveCfg = Release|x64
		{03FCCB99-F431-464A-BBBB-6326A6369666}.Release|x64.Build.0 = Release|x64
		{03FCCB99-F431-464A-BBBB-6326A6369666}.Release|x86.ActiveCfg = Release|Win32
		{03FCCB99-F431-464A-BBBB-6326A6369666}.Release|x86.Build.0 = Release|Win32
	EndGlobalSection
	GlobalSection(SolutionProperties) = preSolution
		HideSolutionNode = FALSE
	EndGlobalSection
	GlobalSection(ExtensibilityGlobals) = postSolution
		SolutionGuid = {DFD2B68B-9254-41FC-AFA8-CFF16CA9B0E1}
	EndGlobalSection
EndGlobal
